
Microsoft Visual Studio Solution File, Format Version 12.00
# Visual Studio Version 17
VisualStudioVersion = 17.14.36401.2 d17.14
MinimumVisualStudioVersion = 10.0.40219.1
Project("{FAE04EC0-301F-11D3-BF4B-00C04F79EFBC}") = "C#1HomeWork", "C#1HomeWork\C#1HomeWork.csproj", "{998C1857-C161-4A6A-9428-3BFCFC55D477}"
EndProject
Global
	GlobalSection(SolutionConfigurationPlatforms) = preSolution
		Debug|Any CPU = Debug|Any CPU
		Release|Any CPU = Release|Any CPU
	EndGlobalSection
	GlobalSection(ProjectConfigurationPlatforms) = postSolution
		{998C1857-C161-4A6A-9428-3BFCFC55D477}.Debug|Any CPU.ActiveCfg = Debug|Any CPU
		{998C1857-C161-4A6A-9428-3BFCFC55D477}.Debug|Any CPU.Build.0 = Debug|Any CPU
		{998C1857-C161-4A6A-9428-3BFCFC55D477}.Release|Any CPU.ActiveCfg = Release|Any CPU
		{998C1857-C161-4A6A-9428-3BFCFC55D477}.Release|Any CPU.Build.0 = Release|Any CPU
	EndGlobalSection
	GlobalSection(SolutionProperties) = preSolution
		HideSolutionNode = FALSE
	EndGlobalSection
	GlobalSection(ExtensibilityGlobals) = postSolution
		SolutionGuid = {06FC199F-FA1C-400D-8C9B-DEBA93AF53E4}
	EndGlobalSection
EndGlobal
